
Microsoft Visual Studio Solution File, Format Version 12.00
# Visual Studio Version 17
VisualStudioVersion = 17.4.33122.133
MinimumVisualStudioVersion = 10.0.40219.1
Project("{FAE04EC0-301F-11D3-BF4B-00C04F79EFBC}") = "G23W09WFImage", "G23W09WFImage\G23W09WFImage.csproj", "{B0263932-A541-444D-AC39-6450C4CDDABF}"
EndProject
Global
	GlobalSection(SolutionConfigurationPlatforms) = preSolution
		Debug|Any CPU = Debug|Any CPU
		Release|Any CPU = Release|Any CPU
	EndGlobalSection
	GlobalSection(ProjectConfigurationPlatforms) = postSolution
		{B0263932-A541-444D-AC39-6450C4CDDABF}.Debug|Any CPU.ActiveCfg = Debug|Any CPU
		{B0263932-A541-444D-AC39-6450C4CDDABF}.Debug|Any CPU.Build.0 = Debug|Any CPU
		{B0263932-A541-444D-AC39-6450C4CDDABF}.Release|Any CPU.ActiveCfg = Release|Any CPU
		{B0263932-A541-444D-AC39-6450C4CDDABF}.Release|Any CPU.Build.0 = Release|Any CPU
	EndGlobalSection
	GlobalSection(SolutionProperties) = preSolution
		HideSolutionNode = FALSE
	EndGlobalSection
	GlobalSection(ExtensibilityGlobals) = postSolution
		SolutionGuid = {6E3C81B9-C435-42EE-B791-734D114A6A22}
	EndGlobalSection
EndGlobal
